
Microsoft Visual Studio Solution File, Format Version 12.00
# Visual Studio Version 17
VisualStudioVersion = 17.14.37012.4
MinimumVisualStudioVersion = 10.0.40219.1
Project("{FAE04EC0-301F-11D3-BF4B-00C04F79EFBC}") = "DVLD_PresentationLayer", "DVLD_PresentationLayer.csproj", "{6E81444C-01F7-40BF-8C91-9B907E0C2A6E}"
EndProject
Project("{FAE04EC0-301F-11D3-BF4B-00C04F79EFBC}") = "DVLD_BusinessLogic", "..\DVLD_BussinessLogic\DVLD_BusinessLogic.csproj", "{3C237C76-250D-43ED-BF01-764D9FD19D2C}"
EndProject
Project("{FAE04EC0-301F-11D3-BF4B-00C04F79EFBC}") = "DVLD_DataLayer", "..\DVLD_DataLayer\DVLD_DataLayer.csproj", "{7C9811A4-D980-4770-8F30-F5D17DF5EE05}"
EndProject
Global
	GlobalSection(SolutionConfigurationPlatforms) = preSolution
		Debug|Any CPU = Debug|Any CPU
		Release|Any CPU = Release|Any CPU
	EndGlobalSection
	GlobalSection(ProjectConfigurationPlatforms) = postSolution
		{6E81444C-01F7-40BF-8C91-9B907E0C2A6E}.Debug|Any CPU.ActiveCfg = Debug|Any CPU
		{6E81444C-01F7-40BF-8C91-9B907E0C2A6E}.Debug|Any CPU.Build.0 = Debug|Any CPU
		{6E81444C-01F7-40BF-8C91-9B907E0C2A6E}.Release|Any CPU.ActiveCfg = Release|Any CPU
		{6E81444C-01F7-40BF-8C91-9B907E0C2A6E}.Release|Any CPU.Build.0 = Release|Any CPU
		{3C237C76-250D-43ED-BF01-764D9FD19D2C}.Debug|Any CPU.ActiveCfg = Debug|Any CPU
		{3C237C76-250D-43ED-BF01-764D9FD19D2C}.Debug|Any CPU.Build.0 = Debug|Any CPU
		{3C237C76-250D-43ED-BF01-764D9FD19D2C}.Release|Any CPU.ActiveCfg = Release|Any CPU
		{3C237C76-250D-43ED-BF01-764D9FD19D2C}.Release|Any CPU.Build.0 = Release|Any CPU
		{7C9811A4-D980-4770-8F30-F5D17DF5EE05}.Debug|Any CPU.ActiveCfg = Debug|Any CPU
		{7C9811A4-D980-4770-8F30-F5D17DF5EE05}.Debug|Any CPU.Build.0 = Debug|Any CPU
		{7C9811A4-D980-4770-8F30-F5D17DF5EE05}.Release|Any CPU.ActiveCfg = Release|Any CPU
		{7C9811A4-D980-4770-8F30-F5D17DF5EE05}.Release|Any CPU.Build.0 = Release|Any CPU
	EndGlobalSection
	GlobalSection(SolutionProperties) = preSolution
		HideSolutionNode = FALSE
	EndGlobalSection
	GlobalSection(ExtensibilityGlobals) = postSolution
		SolutionGuid = {F4ED6ED4-32DB-448E-89EA-8A7A6737FE27}
	EndGlobalSection
EndGlobal
